
Microsoft Visual Studio Solution File, Format Version 12.00
# Visual Studio Version 17
VisualStudioVersion = 17.3.32825.248
MinimumVisualStudioVersion = 10.0.40219.1
Project("{9A19103F-16F7-4668-BE54-9A1E7A4F7556}") = "FileUpload", "FileUpload\FileUpload.csproj", "{2F771C47-B4DB-4F08-8E91-5AB5780A4D47}"
EndProject
Global
	GlobalSection(SolutionConfigurationPlatforms) = preSolution
		Debug|Any CPU = Debug|Any CPU
		Release|Any CPU = Release|Any CPU
	EndGlobalSection
	GlobalSection(ProjectConfigurationPlatforms) = postSolution
		{2F771C47-B4DB-4F08-8E91-5AB5780A4D47}.Debug|Any CPU.ActiveCfg = Debug|Any CPU
		{2F771C47-B4DB-4F08-8E91-5AB5780A4D47}.Debug|Any CPU.Build.0 = Debug|Any CPU
		{2F771C47-B4DB-4F08-8E91-5AB5780A4D47}.Release|Any CPU.ActiveCfg = Release|Any CPU
		{2F771C47-B4DB-4F08-8E91-5AB5780A4D47}.Release|Any CPU.Build.0 = Release|Any CPU
	EndGlobalSection
	GlobalSection(SolutionProperties) = preSolution
		HideSolutionNode = FALSE
	EndGlobalSection
	GlobalSection(ExtensibilityGlobals) = postSolution
		SolutionGuid = {8808C9CB-BCF7-4A09-A302-D744D19F40D0}
	EndGlobalSection
EndGlobal
